
Microsoft Visual Studio Solution File, Format Version 12.00
# Visual Studio 14
VisualStudioVersion = 14.0.25420.1
MinimumVisualStudioVersion = 10.0.40219.1
Project("{FAE04EC0-301F-11D3-BF4B-00C04F79EFBC}") = "BugTrackerApplication", "BugTrackerApplication\BugTrackerApplication.csproj", "{195F7BAC-E829-44D4-84DF-37296E4CACAE}"
EndProject
Project("{FAE04EC0-301F-11D3-BF4B-00C04F79EFBC}") = "BugTrackerApplicationTest", "BugTrackerApplicationTest\BugTrackerApplicationTest.csproj", "{FA6B696A-DAAD-4AFB-97BB-642FCC48ED10}"
EndProject
Global
	GlobalSection(SolutionConfigurationPlatforms) = preSolution
		Debug|Any CPU = Debug|Any CPU
		Release|Any CPU = Release|Any CPU
	EndGlobalSection
	GlobalSection(ProjectConfigurationPlatforms) = postSolution
		{195F7BAC-E829-44D4-84DF-37296E4CACAE}.Debug|Any CPU.ActiveCfg = Debug|Any CPU
		{195F7BAC-E829-44D4-84DF-37296E4CACAE}.Debug|Any CPU.Build.0 = Debug|Any CPU
		{195F7BAC-E829-44D4-84DF-37296E4CACAE}.Release|Any CPU.ActiveCfg = Release|Any CPU
		{195F7BAC-E829-44D4-84DF-37296E4CACAE}.Release|Any CPU.Build.0 = Release|Any CPU
		{FA6B696A-DAAD-4AFB-97BB-642FCC48ED10}.Debug|Any CPU.ActiveCfg = Debug|Any CPU
		{FA6B696A-DAAD-4AFB-97BB-642FCC48ED10}.Debug|Any CPU.Build.0 = Debug|Any CPU
		{FA6B696A-DAAD-4AFB-97BB-642FCC48ED10}.Release|Any CPU.ActiveCfg = Release|Any CPU
		{FA6B696A-DAAD-4AFB-97BB-642FCC48ED10}.Release|Any CPU.Build.0 = Release|Any CPU
	EndGlobalSection
	GlobalSection(SolutionProperties) = preSolution
		HideSolutionNode = FALSE
	EndGlobalSection
EndGlobal
